
Microsoft Visual Studio Solution File, Format Version 12.00
# Visual Studio Version 16
VisualStudioVersion = 16.0.31410.357
MinimumVisualStudioVersion = 10.0.40219.1
Project("{FAE04EC0-301F-11D3-BF4B-00C04F79EFBC}") = "Sample.Web", "Sample.Web\Sample.Web.csproj", "{00F95817-A02C-4A15-B1AC-C3990ADE6463}"
EndProject
Project("{2150E333-8FDC-42A3-9474-1A3956D46DE8}") = "StravaSharp", "StravaSharp", "{D7D8231E-97ED-439A-B17C-6619DA731F4A}"
EndProject
Project("{D954291E-2A0B-460D-934E-DC6B0785DB48}") = "Sample.Mobile", "Sample.Mobile\Sample.Mobile\Sample.Mobile.shproj", "{57D241C4-E852-4632-BE50-29323E9EB710}"
EndProject
Project("{FAE04EC0-301F-11D3-BF4B-00C04F79EFBC}") = "Sample.Mobile.Android", "Sample.Mobile\Sample.Mobile.Android\Sample.Mobile.Android.csproj", "{1A534C4D-6A3A-4527-9CC1-1D6C72979433}"
EndProject
Project("{FAE04EC0-301F-11D3-BF4B-00C04F79EFBC}") = "Sample.Mobile.iOS", "Sample.Mobile\Sample.Mobile.iOS\Sample.Mobile.iOS.csproj", "{B9E65D7F-C520-49F0-8A8E-04A461F19F3F}"
EndProject
Project("{FAE04EC0-301F-11D3-BF4B-00C04F79EFBC}") = "Sample.Mobile.UWP", "Sample.Mobile\Sample.Mobile.UWP\Sample.Mobile.UWP.csproj", "{1E1F8399-6677-4333-A936-2EECB54FDB78}"
EndProject
Project("{2150E333-8FDC-42A3-9474-1A3956D46DE8}") = "Web sample", "Web sample", "{51515C0F-4F10-428C-9FA3-B8C0B3733014}"
EndProject
Project("{2150E333-8FDC-42A3-9474-1A3956D46DE8}") = "Mobile sample", "Mobile sample", "{76A0E024-2DE5-4D44-8475-58F2A62A7E27}"
EndProject
Project("{9A19103F-16F7-4668-BE54-9A1E7A4F7556}") = "Sample.Core", "Sample.Core\Sample.Core.csproj", "{02BB266A-E5D6-4BF3-A77B-EB7BD57608AD}"
EndProject
Project("{9A19103F-16F7-4668-BE54-9A1E7A4F7556}") = "StravaSharp", "..\StravaSharp\StravaSharp.csproj", "{9448F233-7FCC-4A0B-A3E0-B2C59D8C28AF}"
EndProject
Global
	GlobalSection(SharedMSBuildProjectFiles) = preSolution
		Sample.Mobile\Sample.Mobile\Sample.Mobile.projitems*{1a534c4d-6a3a-4527-9cc1-1d6c72979433}*SharedItemsImports = 4
		Sample.Mobile\Sample.Mobile\Sample.Mobile.projitems*{1e1f8399-6677-4333-a936-2eecb54fdb78}*SharedItemsImports = 4
		Sample.Mobile\Sample.Mobile\Sample.Mobile.projitems*{57d241c4-e852-4632-be50-29323e9eb710}*SharedItemsImports = 13
		Sample.Mobile\Sample.Mobile\Sample.Mobile.projitems*{b9e65d7f-c520-49f0-8a8e-04a461f19f3f}*SharedItemsImports = 4
	EndGlobalSection
	GlobalSection(SolutionConfigurationPlatforms) = preSolution
		Ad-Hoc|Any CPU = Ad-Hoc|Any CPU
		Ad-Hoc|ARM = Ad-Hoc|ARM
		Ad-Hoc|iPhone = Ad-Hoc|iPhone
		Ad-Hoc|iPhoneSimulator = Ad-Hoc|iPhoneSimulator
		Ad-Hoc|x64 = Ad-Hoc|x64
		Ad-Hoc|x86 = Ad-Hoc|x86
		AppStore|Any CPU = AppStore|Any CPU
		AppStore|ARM = AppStore|ARM
		AppStore|iPhone = AppStore|iPhone
		AppStore|iPhoneSimulator = AppStore|iPhoneSimulator
		AppStore|x64 = AppStore|x64
		AppStore|x86 = AppStore|x86
		Debug|Any CPU = Debug|Any CPU
		Debug|ARM = Debug|ARM
		Debug|iPhone = Debug|iPhone
		Debug|iPhoneSimulator = Debug|iPhoneSimulator
		Debug|x64 = Debug|x64
		Debug|x86 = Debug|x86
		Release|Any CPU = Release|Any CPU
		Release|ARM = Release|ARM
		Release|iPhone = Release|iPhone
		Release|iPhoneSimulator = Release|iPhoneSimulator
		Release|x64 = Release|x64
		Release|x86 = Release|x86
	EndGlobalSection
	GlobalSection(ProjectConfigurationPlatforms) = postSolution
		{00F95817-A02C-4A15-B1AC-C3990ADE6463}.Ad-Hoc|Any CPU.ActiveCfg = Release|Any CPU
		{00F95817-A02C-4A15-B1AC-C3990ADE6463}.Ad-Hoc|Any CPU.Build.0 = Release|Any CPU
		{00F95817-A02C-4A15-B1AC-C3990ADE6463}.Ad-Hoc|ARM.ActiveCfg = Release|Any CPU
		{00F95817-A02C-4A15-B1AC-C3990ADE6463}.Ad-Hoc|ARM.Build.0 = Release|Any CPU
		{00F95817-A02C-4A15-B1AC-C3990ADE6463}.Ad-Hoc|iPhone.ActiveCfg = Release|Any CPU
		{00F95817-A02C-4A15-B1AC-C3990ADE6463}.Ad-Hoc|iPhone.Build.0 = Release|Any CPU
		{00F95817-A02C-4A15-B1AC-C3990ADE6463}.Ad-Hoc|iPhoneSimulator.ActiveCfg = Release|Any CPU
		{00F95817-A02C-4A15-B1AC-C3990ADE6463}.Ad-Hoc|iPhoneSimulator.Build.0 = Release|Any CPU
		{00F95817-A02C-4A15-B1AC-C3990ADE6463}.Ad-Hoc|x64.ActiveCfg = Release|Any CPU
		{00F95817-A02C-4A15-B1AC-C3990ADE6463}.Ad-Hoc|x64.Build.0 = Release|Any CPU
		{00F95817-A02C-4A15-B1AC-C3990ADE6463}.Ad-Hoc|x86.ActiveCfg = Release|Any CPU
		{00F95817-A02C-4A15-B1AC-C3990ADE6463}.Ad-Hoc|x86.Build.0 = Release|Any CPU
		{00F95817-A02C-4A15-B1AC-C3990ADE6463}.AppStore|Any CPU.ActiveCfg = Release|Any CPU
		{00F95817-A02C-4A15-B1AC-C3990ADE6463}.AppStore|Any CPU.Build.0 = Release|Any CPU
		{00F95817-A02C-4A15-B1AC-C3990ADE6463}.AppStore|ARM.ActiveCfg = Release|Any CPU
		{00F95817-A02C-4A15-B1AC-C3990ADE6463}.AppStore|ARM.Build.0 = Release|Any CPU
		{00F95817-A02C-4A15-B1AC-C3990ADE6463}.AppStore|iPhone.ActiveCfg = Release|Any CPU
		{00F95817-A02C-4A15-B1AC-C3990ADE6463}.AppStore|iPhone.Build.0 = Release|Any CPU
		{00F95817-A02C-4A15-B1AC-C3990ADE6463}.AppStore|iPhoneSimulator.ActiveCfg = Release|Any CPU
		{00F95817-A02C-4A15-B1AC-C3990ADE6463}.AppStore|iPhoneSimulator.Build.0 = Release|Any CPU
		{00F95817-A02C-4A15-B1AC-C3990ADE6463}.AppStore|x64.ActiveCfg = Release|Any CPU
		{00F95817-A02C-4A15-B1AC-C3990ADE6463}.AppStore|x64.Build.0 = Release|Any CPU
		{00F95817-A02C-4A15-B1AC-C3990ADE6463}.AppStore|x86.ActiveCfg = Release|Any CPU
		{00F95817-A02C-4A15-B1AC-C3990ADE6463}.AppStore|x86.Build.0 = Release|Any CPU
		{00F95817-A02C-4A15-B1AC-C3990ADE6463}.Debug|Any CPU.ActiveCfg = Debug|Any CPU
		{00F95817-A02C-4A15-B1AC-C3990ADE6463}.Debug|Any CPU.Build.0 = Debug|Any CPU
		{00F95817-A02C-4A15-B1AC-C3990ADE6463}.Debug|ARM.ActiveCfg = Debug|Any CPU
		{00F95817-A02C-4A15-B1AC-C3990ADE6463}.Debug|ARM.Build.0 = Debug|Any CPU
		{00F95817-A02C-4A15-B1AC-C3990ADE6463}.Debug|iPhone.ActiveCfg = Debug|Any CPU
		{00F95817-A02C-4A15-B1AC-C3990ADE6463}.Debug|iPhone.Build.0 = Debug|Any CPU
		{00F95817-A02C-4A15-B1AC-C3990ADE6463}.Debug|iPhoneSimulator.ActiveCfg = Debug|Any CPU
		{00F95817-A02C-4A15-B1AC-C3990ADE6463}.Debug|iPhoneSimulator.Build.0 = Debug|Any CPU
		{00F95817-A02C-4A15-B1AC-C3990ADE6463}.Debug|x64.ActiveCfg = Debug|Any CPU
		{00F95817-A02C-4A15-B1AC-C3990ADE6463}.Debug|x64.Build.0 = Debug|Any CPU
		{00F95817-A02C-4A15-B1AC-C3990ADE6463}.Debug|x86.ActiveCfg = Debug|Any CPU
		{00F95817-A02C-4A15-B1AC-C3990ADE6463}.Debug|x86.Build.0 = Debug|Any CPU
		{00F95817-A02C-4A15-B1AC-C3990ADE6463}.Release|Any CPU.ActiveCfg = Release|Any CPU
		{00F95817-A02C-4A15-B1AC-C3990ADE6463}.Release|Any CPU.Build.0 = Release|Any CPU
		{00F95817-A02C-4A15-B1AC-C3990ADE6463}.Release|ARM.ActiveCfg = Release|Any CPU
		{00F95817-A02C-4A15-B1AC-C3990ADE6463}.Release|ARM.Build.0 = Release|Any CPU
		{00F95817-A02C-4A15-B1AC-C3990ADE6463}.Release|iPhone.ActiveCfg = Release|Any CPU
		{00F95817-A02C-4A15-B1AC-C3990ADE6463}.Release|iPhone.Build.0 = Release|Any CPU
		{00F95817-A02C-4A15-B1AC-C3990ADE6463}.Release|iPhoneSimulator.ActiveCfg = Release|Any CPU
		{00F95817-A02C-4A15-B1AC-C3990ADE6463}.Release|iPhoneSimulator.Build.0 = Release|Any CPU
		{00F95817-A02C-4A15-B1AC-C3990ADE6463}.Release|x64.ActiveCfg = Release|Any CPU
		{00F95817-A02C-4A15-B1AC-C3990ADE6463}.Release|x64.Build.0 = Release|Any CPU
		{00F95817-A02C-4A15-B1AC-C3990ADE6463}.Release|x86.ActiveCfg = Release|Any CPU
		{00F95817-A02C-4A15-B1AC-C3990ADE6463}.Release|x86.Build.0 = Release|Any CPU
		{1A534C4D-6A3A-4527-9CC1-1D6C72979433}.Ad-Hoc|Any CPU.ActiveCfg = Release|Any CPU
		{1A534C4D-6A3A-4527-9CC1-1D6C72979433}.Ad-Hoc|Any CPU.Build.0 = Release|Any CPU
		{1A534C4D-6A3A-4527-9CC1-1D6C72979433}.Ad-Hoc|Any CPU.Deploy.0 = Release|Any CPU
		{1A534C4D-6A3A-4527-9CC1-1D6C72979433}.Ad-Hoc|ARM.ActiveCfg = Release|Any CPU
		{1A534C4D-6A3A-4527-9CC1-1D6C72979433}.Ad-Hoc|ARM.Build.0 = Release|Any CPU
		{1A534C4D-6A3A-4527-9CC1-1D6C72979433}.Ad-Hoc|ARM.Deploy.0 = Release|Any CPU
		{1A534C4D-6A3A-4527-9CC1-1D6C72979433}.Ad-Hoc|iPhone.ActiveCfg = Release|Any CPU
		{1A534C4D-6A3A-4527-9CC1-1D6C72979433}.Ad-Hoc|iPhone.Build.0 = Release|Any CPU
		{1A534C4D-6A3A-4527-9CC1-1D6C72979433}.Ad-Hoc|iPhone.Deploy.0 = Release|Any CPU
		{1A534C4D-6A3A-4527-9CC1-1D6C72979433}.Ad-Hoc|iPhoneSimulator.ActiveCfg = Release|Any CPU
		{1A534C4D-6A3A-4527-9CC1-1D6C72979433}.Ad-Hoc|iPhoneSimulator.Build.0 = Release|Any CPU
		{1A534C4D-6A3A-4527-9CC1-1D6C72979433}.Ad-Hoc|iPhoneSimulator.Deploy.0 = Release|Any CPU
		{1A534C4D-6A3A-4527-9CC1-1D6C72979433}.Ad-Hoc|x64.ActiveCfg = Release|Any CPU
		{1A534C4D-6A3A-4527-9CC1-1D6C72979433}.Ad-Hoc|x64.Build.0 = Release|Any CPU
		{1A534C4D-6A3A-4527-9CC1-1D6C72979433}.Ad-Hoc|x64.Deploy.0 = Release|Any CPU
		{1A534C4D-6A3A-4527-9CC1-1D6C72979433}.Ad-Hoc|x86.ActiveCfg = Release|Any CPU
		{1A534C4D-6A3A-4527-9CC1-1D6C72979433}.Ad-Hoc|x86.Build.0 = Release|Any CPU
		{1A534C4D-6A3A-4527-9CC1-1D6C72979433}.Ad-Hoc|x86.Deploy.0 = Release|Any CPU
		{1A534C4D-6A3A-4527-9CC1-1D6C72979433}.AppStore|Any CPU.ActiveCfg = Release|Any CPU
		{1A534C4D-6A3A-4527-9CC1-1D6C72979433}.AppStore|Any CPU.Build.0 = Release|Any CPU
		{1A534C4D-6A3A-4527-9CC1-1D6C72979433}.AppStore|Any CPU.Deploy.0 = Release|Any CPU
		{1A534C4D-6A3A-4527-9CC1-1D6C72979433}.AppStore|ARM.ActiveCfg = Release|Any CPU
		{1A534C4D-6A3A-4527-9CC1-1D6C72979433}.AppStore|ARM.Build.0 = Release|Any CPU
		{1A534C4D-6A3A-4527-9CC1-1D6C72979433}.AppStore|ARM.Deploy.0 = Release|Any CPU
		{1A534C4D-6A3A-4527-9CC1-1D6C72979433}.AppStore|iPhone.ActiveCfg = Release|Any CPU
		{1A534C4D-6A3A-4527-9CC1-1D6C72979433}.AppStore|iPhone.Build.0 = Release|Any CPU
		{1A534C4D-6A3A-4527-9CC1-1D6C72979433}.AppStore|iPhone.Deploy.0 = Release|Any CPU
		{1A534C4D-6A3A-4527-9CC1-1D6C72979433}.AppStore|iPhoneSimulator.ActiveCfg = Release|Any CPU
		{1A534C4D-6A3A-4527-9CC1-1D6C72979433}.AppStore|iPhoneSimulator.Build.0 = Release|Any CPU
		{1A534C4D-6A3A-4527-9CC1-1D6C72979433}.AppStore|iPhoneSimulator.Deploy.0 = Release|Any CPU
		{1A534C4D-6A3A-4527-9CC1-1D6C72979433}.AppStore|x64.ActiveCfg = Release|Any CPU
		{1A534C4D-6A3A-4527-9CC1-1D6C72979433}.AppStore|x64.Build.0 = Release|Any CPU
		{1A534C4D-6A3A-4527-9CC1-1D6C72979433}.AppStore|x64.Deploy.0 = Release|Any CPU
		{1A534C4D-6A3A-4527-9CC1-1D6C72979433}.AppStore|x86.ActiveCfg = Release|Any CPU
		{1A534C4D-6A3A-4527-9CC1-1D6C72979433}.AppStore|x86.Build.0 = Release|Any CPU
		{1A534C4D-6A3A-4527-9CC1-1D6C72979433}.AppStore|x86.Deploy.0 = Release|Any CPU
		{1A534C4D-6A3A-4527-9CC1-1D6C72979433}.Debug|Any CPU.ActiveCfg = Debug|Any CPU
		{1A534C4D-6A3A-4527-9CC1-1D6C72979433}.Debug|Any CPU.Build.0 = Debug|Any CPU
		{1A534C4D-6A3A-4527-9CC1-1D6C72979433}.Debug|Any CPU.Deploy.0 = Debug|Any CPU
		{1A534C4D-6A3A-4527-9CC1-1D6C72979433}.Debug|ARM.ActiveCfg = Debug|Any CPU
		{1A534C4D-6A3A-4527-9CC1-1D6C72979433}.Debug|ARM.Build.0 = Debug|Any CPU
		{1A534C4D-6A3A-4527-9CC1-1D6C72979433}.Debug|ARM.Deploy.0 = Debug|Any CPU
		{1A534C4D-6A3A-4527-9CC1-1D6C72979433}.Debug|iPhone.ActiveCfg = Debug|Any CPU
		{1A534C4D-6A3A-4527-9CC1-1D6C72979433}.Debug|iPhone.Build.0 = Debug|Any CPU
		{1A534C4D-6A3A-4527-9CC1-1D6C72979433}.Debug|iPhone.Deploy.0 = Debug|Any CPU
		{1A534C4D-6A3A-4527-9CC1-1D6C72979433}.Debug|iPhoneSimulator.ActiveCfg = Debug|Any CPU
		{1A534C4D-6A3A-4527-9CC1-1D6C72979433}.Debug|iPhoneSimulator.Build.0 = Debug|Any CPU
		{1A534C4D-6A3A-4527-9CC1-1D6C72979433}.Debug|iPhoneSimulator.Deploy.0 = Debug|Any CPU
		{1A534C4D-6A3A-4527-9CC1-1D6C72979433}.Debug|x64.ActiveCfg = Debug|Any CPU
		{1A534C4D-6A3A-4527-9CC1-1D6C72979433}.Debug|x64.Build.0 = Debug|Any CPU
		{1A534C4D-6A3A-4527-9CC1-1D6C72979433}.Debug|x64.Deploy.0 = Debug|Any CPU
		{1A534C4D-6A3A-4527-9CC1-1D6C72979433}.Debug|x86.ActiveCfg = Debug|Any CPU
		{1A534C4D-6A3A-4527-9CC1-1D6C72979433}.Debug|x86.Build.0 = Debug|Any CPU
		{1A534C4D-6A3A-4527-9CC1-1D6C72979433}.Debug|x86.Deploy.0 = Debug|Any CPU
		{1A534C4D-6A3A-4527-9CC1-1D6C72979433}.Release|Any CPU.ActiveCfg = Release|Any CPU
		{1A534C4D-6A3A-4527-9CC1-1D6C72979433}.Release|Any CPU.Build.0 = Release|Any CPU
		{1A534C4D-6A3A-4527-9CC1-1D6C72979433}.Release|Any CPU.Deploy.0 = Release|Any CPU
		{1A534C4D-6A3A-4527-9CC1-1D6C72979433}.Release|ARM.ActiveCfg = Release|Any CPU
		{1A534C4D-6A3A-4527-9CC1-1D6C72979433}.Release|ARM.Build.0 = Release|Any CPU
		{1A534C4D-6A3A-4527-9CC1-1D6C72979433}.Release|ARM.Deploy.0 = Release|Any CPU
		{1A534C4D-6A3A-4527-9CC1-1D6C72979433}.Release|iPhone.ActiveCfg = Release|Any CPU
		{1A534C4D-6A3A-4527-9CC1-1D6C72979433}.Release|iPhone.Build.0 = Release|Any CPU
		{1A534C4D-6A3A-4527-9CC1-1D6C72979433}.Release|iPhone.Deploy.0 = Release|Any CPU
		{1A534C4D-6A3A-4527-9CC1-1D6C72979433}.Release|iPhoneSimulator.ActiveCfg = Release|Any CPU
		{1A534C4D-6A3A-4527-9CC1-1D6C72979433}.Release|iPhoneSimulator.Build.0 = Release|Any CPU
		{1A534C4D-6A3A-4527-9CC1-1D6C72979433}.Release|iPhoneSimulator.Deploy.0 = Release|Any CPU
		{1A534C4D-6A3A-4527-9CC1-1D6C72979433}.Release|x64.ActiveCfg = Release|Any CPU
		{1A534C4D-6A3A-4527-9CC1-1D6C72979433}.Release|x64.Build.0 = Release|Any CPU
		{1A534C4D-6A3A-4527-9CC1-1D6C72979433}.Release|x64.Deploy.0 = Release|Any CPU
		{1A534C4D-6A3A-4527-9CC1-1D6C72979433}.Release|x86.ActiveCfg = Release|Any CPU
		{1A534C4D-6A3A-4527-9CC1-1D6C72979433}.Release|x86.Build.0 = Release|Any CPU
		{1A534C4D-6A3A-4527-9CC1-1D6C72979433}.Release|x86.Deploy.0 = Release|Any CPU
		{B9E65D7F-C520-49F0-8A8E-04A461F19F3F}.Ad-Hoc|Any CPU.ActiveCfg = Ad-Hoc|iPhone
		{B9E65D7F-C520-49F0-8A8E-04A461F19F3F}.Ad-Hoc|ARM.ActiveCfg = Ad-Hoc|iPhone
		{B9E65D7F-C520-49F0-8A8E-04A461F19F3F}.Ad-Hoc|iPhone.ActiveCfg = Ad-Hoc|iPhone
		{B9E65D7F-C520-49F0-8A8E-04A461F19F3F}.Ad-Hoc|iPhone.Build.0 = Ad-Hoc|iPhone
		{B9E65D7F-C520-49F0-8A8E-04A461F19F3F}.Ad-Hoc|iPhoneSimulator.ActiveCfg = Ad-Hoc|iPhoneSimulator
		{B9E65D7F-C520-49F0-8A8E-04A461F19F3F}.Ad-Hoc|iPhoneSimulator.Build.0 = Ad-Hoc|iPhoneSimulator
		{B9E65D7F-C520-49F0-8A8E-04A461F19F3F}.Ad-Hoc|x64.ActiveCfg = Ad-Hoc|iPhone
		{B9E65D7F-C520-49F0-8A8E-04A461F19F3F}.Ad-Hoc|x86.ActiveCfg = Ad-Hoc|iPhone
		{B9E65D7F-C520-49F0-8A8E-04A461F19F3F}.AppStore|Any CPU.ActiveCfg = AppStore|iPhone
		{B9E65D7F-C520-49F0-8A8E-04A461F19F3F}.AppStore|ARM.ActiveCfg = AppStore|iPhone
		{B9E65D7F-C520-49F0-8A8E-04A461F19F3F}.AppStore|iPhone.ActiveCfg = AppStore|iPhone
		{B9E65D7F-C520-49F0-8A8E-04A461F19F3F}.AppStore|iPhone.Build.0 = AppStore|iPhone
		{B9E65D7F-C520-49F0-8A8E-04A461F19F3F}.AppStore|iPhoneSimulator.ActiveCfg = AppStore|iPhoneSimulator
		{B9E65D7F-C520-49F0-8A8E-04A461F19F3F}.AppStore|iPhoneSimulator.Build.0 = AppStore|iPhoneSimulator
		{B9E65D7F-C520-49F0-8A8E-04A461F19F3F}.AppStore|x64.ActiveCfg = AppStore|iPhone
		{B9E65D7F-C520-49F0-8A8E-04A461F19F3F}.AppStore|x86.ActiveCfg = AppStore|iPhone
		{B9E65D7F-C520-49F0-8A8E-04A461F19F3F}.Debug|Any CPU.ActiveCfg = Debug|iPhone
		{B9E65D7F-C520-49F0-8A8E-04A461F19F3F}.Debug|Any CPU.Build.0 = Debug|iPhone
		{B9E65D7F-C520-49F0-8A8E-04A461F19F3F}.Debug|ARM.ActiveCfg = Debug|iPhone
		{B9E65D7F-C520-49F0-8A8E-04A461F19F3F}.Debug|iPhone.ActiveCfg = Debug|iPhone
		{B9E65D7F-C520-49F0-8A8E-04A461F19F3F}.Debug|iPhone.Build.0 = Debug|iPhone
		{B9E65D7F-C520-49F0-8A8E-04A461F19F3F}.Debug|iPhoneSimulator.ActiveCfg = Debug|iPhoneSimulator
		{B9E65D7F-C520-49F0-8A8E-04A461F19F3F}.Debug|iPhoneSimulator.Build.0 = Debug|iPhoneSimulator
		{B9E65D7F-C520-49F0-8A8E-04A461F19F3F}.Debug|x64.ActiveCfg = Debug|iPhone
		{B9E65D7F-C520-49F0-8A8E-04A461F19F3F}.Debug|x86.ActiveCfg = Debug|iPhone
		{B9E65D7F-C520-49F0-8A8E-04A461F19F3F}.Release|Any CPU.ActiveCfg = Release|iPhone
		{B9E65D7F-C520-49F0-8A8E-04A461F19F3F}.Release|ARM.ActiveCfg = Release|iPhone
		{B9E65D7F-C520-49F0-8A8E-04A461F19F3F}.Release|iPhone.ActiveCfg = Release|iPhone
		{B9E65D7F-C520-49F0-8A8E-04A461F19F3F}.Release|iPhone.Build.0 = Release|iPhone
		{B9E65D7F-C520-49F0-8A8E-04A461F19F3F}.Release|iPhoneSimulator.ActiveCfg = Release|iPhoneSimulator
		{B9E65D7F-C520-49F0-8A8E-04A461F19F3F}.Release|iPhoneSimulator.Build.0 = Release|iPhoneSimulator
		{B9E65D7F-C520-49F0-8A8E-04A461F19F3F}.Release|x64.ActiveCfg = Release|iPhone
		{B9E65D7F-C520-49F0-8A8E-04A461F19F3F}.Release|x86.ActiveCfg = Release|iPhone
		{1E1F8399-6677-4333-A936-2EECB54FDB78}.Ad-Hoc|Any CPU.ActiveCfg = Release|x86
		{1E1F8399-6677-4333-A936-2EECB54FDB78}.Ad-Hoc|Any CPU.Build.0 = Release|x86
		{1E1F8399-6677-4333-A936-2EECB54FDB78}.Ad-Hoc|Any CPU.Deploy.0 = Release|x86
		{1E1F8399-6677-4333-A936-2EECB54FDB78}.Ad-Hoc|ARM.ActiveCfg = Release|ARM
		{1E1F8399-6677-4333-A936-2EECB54FDB78}.Ad-Hoc|ARM.Build.0 = Release|ARM
		{1E1F8399-6677-4333-A936-2EECB54FDB78}.Ad-Hoc|ARM.Deploy.0 = Release|ARM
		{1E1F8399-6677-4333-A936-2EECB54FDB78}.Ad-Hoc|iPhone.ActiveCfg = Release|x86
		{1E1F8399-6677-4333-A936-2EECB54FDB78}.Ad-Hoc|iPhone.Build.0 = Release|x86
		{1E1F8399-6677-4333-A936-2EECB54FDB78}.Ad-Hoc|iPhone.Deploy.0 = Release|x86
		{1E1F8399-6677-4333-A936-2EECB54FDB78}.Ad-Hoc|iPhoneSimulator.ActiveCfg = Release|x86
		{1E1F8399-6677-4333-A936-2EECB54FDB78}.Ad-Hoc|iPhoneSimulator.Build.0 = Release|x86
		{1E1F8399-6677-4333-A936-2EECB54FDB78}.Ad-Hoc|iPhoneSimulator.Deploy.0 = Release|x86
		{1E1F8399-6677-4333-A936-2EECB54FDB78}.Ad-Hoc|x64.ActiveCfg = Release|x64
		{1E1F8399-6677-4333-A936-2EECB54FDB78}.Ad-Hoc|x64.Build.0 = Release|x64
		{1E1F8399-6677-4333-A936-2EECB54FDB78}.Ad-Hoc|x64.Deploy.0 = Release|x64
		{1E1F8399-6677-4333-A936-2EECB54FDB78}.Ad-Hoc|x86.ActiveCfg = Release|x86
		{1E1F8399-6677-4333-A936-2EECB54FDB78}.Ad-Hoc|x86.Build.0 = Release|x86
		{1E1F8399-6677-4333-A936-2EECB54FDB78}.Ad-Hoc|x86.Deploy.0 = Release|x86
		{1E1F8399-6677-4333-A936-2EECB54FDB78}.AppStore|Any CPU.ActiveCfg = Release|x86
		{1E1F8399-6677-4333-A936-2EECB54FDB78}.AppStore|Any CPU.Build.0 = Release|x86
		{1E1F8399-6677-4333-A936-2EECB54FDB78}.AppStore|Any CPU.Deploy.0 = Release|x86
		{1E1F8399-6677-4333-A936-2EECB54FDB78}.AppStore|ARM.ActiveCfg = Release|ARM
		{1E1F8399-6677-4333-A936-2EECB54FDB78}.AppStore|ARM.Build.0 = Release|ARM
		{1E1F8399-6677-4333-A936-2EECB54FDB78}.AppStore|ARM.Deploy.0 = Release|ARM
		{1E1F8399-6677-4333-A936-2EECB54FDB78}.AppStore|iPhone.ActiveCfg = Release|x86
		{1E1F8399-6677-4333-A936-2EECB54FDB78}.AppStore|iPhone.Build.0 = Release|x86
		{1E1F8399-6677-4333-A936-2EECB54FDB78}.AppStore|iPhone.Deploy.0 = Release|x86
		{1E1F8399-6677-4333-A936-2EECB54FDB78}.AppStore|iPhoneSimulator.ActiveCfg = Release|x86
		{1E1F8399-6677-4333-A936-2EECB54FDB78}.AppStore|iPhoneSimulator.Build.0 = Release|x86
		{1E1F8399-6677-4333-A936-2EECB54FDB78}.AppStore|iPhoneSimulator.Deploy.0 = Release|x86
		{1E1F8399-6677-4333-A936-2EECB54FDB78}.AppStore|x64.ActiveCfg = Release|x64
		{1E1F8399-6677-4333-A936-2EECB54FDB78}.AppStore|x64.Build.0 = Release|x64
		{1E1F8399-6677-4333-A936-2EECB54FDB78}.AppStore|x64.Deploy.0 = Release|x64
		{1E1F8399-6677-4333-A936-2EECB54FDB78}.AppStore|x86.ActiveCfg = Release|x86
		{1E1F8399-6677-4333-A936-2EECB54FDB78}.AppStore|x86.Build.0 = Release|x86
		{1E1F8399-6677-4333-A936-2EECB54FDB78}.AppStore|x86.Deploy.0 = Release|x86
		{1E1F8399-6677-4333-A936-2EECB54FDB78}.Debug|Any CPU.ActiveCfg = Debug|x86
		{1E1F8399-6677-4333-A936-2EECB54FDB78}.Debug|Any CPU.Build.0 = Debug|x86
		{1E1F8399-6677-4333-A936-2EECB54FDB78}.Debug|Any CPU.Deploy.0 = Debug|x86
		{1E1F8399-6677-4333-A936-2EECB54FDB78}.Debug|ARM.ActiveCfg = Debug|ARM
		{1E1F8399-6677-4333-A936-2EECB54FDB78}.Debug|ARM.Build.0 = Debug|ARM
		{1E1F8399-6677-4333-A936-2EECB54FDB78}.Debug|ARM.Deploy.0 = Debug|ARM
		{1E1F8399-6677-4333-A936-2EECB54FDB78}.Debug|iPhone.ActiveCfg = Debug|x86
		{1E1F8399-6677-4333-A936-2EECB54FDB78}.Debug|iPhoneSimulator.ActiveCfg = Debug|x86
		{1E1F8399-6677-4333-A936-2EECB54FDB78}.Debug|x64.ActiveCfg = Debug|x64
		{1E1F8399-6677-4333-A936-2EECB54FDB78}.Debug|x64.Build.0 = Debug|x64
		{1E1F8399-6677-4333-A936-2EECB54FDB78}.Debug|x64.Deploy.0 = Debug|x64
		{1E1F8399-6677-4333-A936-2EECB54FDB78}.Debug|x86.ActiveCfg = Debug|x86
		{1E1F8399-6677-4333-A936-2EECB54FDB78}.Debug|x86.Build.0 = Debug|x86
		{1E1F8399-6677-4333-A936-2EECB54FDB78}.Debug|x86.Deploy.0 = Debug|x86
		{1E1F8399-6677-4333-A936-2EECB54FDB78}.Release|Any CPU.ActiveCfg = Release|x86
		{1E1F8399-6677-4333-A936-2EECB54FDB78}.Release|ARM.ActiveCfg = Release|ARM
		{1E1F8399-6677-4333-A936-2EECB54FDB78}.Release|ARM.Build.0 = Release|ARM
		{1E1F8399-6677-4333-A936-2EECB54FDB78}.Release|ARM.Deploy.0 = Release|ARM
		{1E1F8399-6677-4333-A936-2EECB54FDB78}.Release|iPhone.ActiveCfg = Release|x86
		{1E1F8399-6677-4333-A936-2EECB54FDB78}.Release|iPhoneSimulator.ActiveCfg = Release|x86
		{1E1F8399-6677-4333-A936-2EECB54FDB78}.Release|x64.ActiveCfg = Release|x64
		{1E1F8399-6677-4333-A936-2EECB54FDB78}.Release|x64.Build.0 = Release|x64
		{1E1F8399-6677-4333-A936-2EECB54FDB78}.Release|x64.Deploy.0 = Release|x64
		{1E1F8399-6677-4333-A936-2EECB54FDB78}.Release|x86.ActiveCfg = Release|x86
		{1E1F8399-6677-4333-A936-2EECB54FDB78}.Release|x86.Build.0 = Release|x86
		{1E1F8399-6677-4333-A936-2EECB54FDB78}.Release|x86.Deploy.0 = Release|x86
		{02BB266A-E5D6-4BF3-A77B-EB7BD57608AD}.Ad-Hoc|Any CPU.ActiveCfg = Debug|Any CPU
		{02BB266A-E5D6-4BF3-A77B-EB7BD57608AD}.Ad-Hoc|Any CPU.Build.0 = Debug|Any CPU
		{02BB266A-E5D6-4BF3-A77B-EB7BD57608AD}.Ad-Hoc|ARM.ActiveCfg = Debug|Any CPU
		{02BB266A-E5D6-4BF3-A77B-EB7BD57608AD}.Ad-Hoc|ARM.Build.0 = Debug|Any CPU
		{02BB266A-E5D6-4BF3-A77B-EB7BD57608AD}.Ad-Hoc|iPhone.ActiveCfg = Debug|Any CPU
		{02BB266A-E5D6-4BF3-A77B-EB7BD57608AD}.Ad-Hoc|iPhone.Build.0 = Debug|Any CPU
		{02BB266A-E5D6-4BF3-A77B-EB7BD57608AD}.Ad-Hoc|iPhoneSimulator.ActiveCfg = Debug|Any CPU
		{02BB266A-E5D6-4BF3-A77B-EB7BD57608AD}.Ad-Hoc|iPhoneSimulator.Build.0 = Debug|Any CPU
		{02BB266A-E5D6-4BF3-A77B-EB7BD57608AD}.Ad-Hoc|x64.ActiveCfg = Debug|Any CPU
		{02BB266A-E5D6-4BF3-A77B-EB7BD57608AD}.Ad-Hoc|x64.Build.0 = Debug|Any CPU
		{02BB266A-E5D6-4BF3-A77B-EB7BD57608AD}.Ad-Hoc|x86.ActiveCfg = Debug|Any CPU
		{02BB266A-E5D6-4BF3-A77B-EB7BD57608AD}.Ad-Hoc|x86.Build.0 = Debug|Any CPU
		{02BB266A-E5D6-4BF3-A77B-EB7BD57608AD}.AppStore|Any CPU.ActiveCfg = Debug|Any CPU
		{02BB266A-E5D6-4BF3-A77B-EB7BD57608AD}.AppStore|Any CPU.Build.0 = Debug|Any CPU
		{02BB266A-E5D6-4BF3-A77B-EB7BD57608AD}.AppStore|ARM.ActiveCfg = Debug|Any CPU
		{02BB266A-E5D6-4BF3-A77B-EB7BD57608AD}.AppStore|ARM.Build.0 = Debug|Any CPU
		{02BB266A-E5D6-4BF3-A77B-EB7BD57608AD}.AppStore|iPhone.ActiveCfg = Debug|Any CPU
		{02BB266A-E5D6-4BF3-A77B-EB7BD57608AD}.AppStore|iPhone.Build.0 = Debug|Any CPU
		{02BB266A-E5D6-4BF3-A77B-EB7BD57608AD}.AppStore|iPhoneSimulator.ActiveCfg = Debug|Any CPU
		{02BB266A-E5D6-4BF3-A77B-EB7BD57608AD}.AppStore|iPhoneSimulator.Build.0 = Debug|Any CPU
		{02BB266A-E5D6-4BF3-A77B-EB7BD57608AD}.AppStore|x64.ActiveCfg = Debug|Any CPU
		{02BB266A-E5D6-4BF3-A77B-EB7BD57608AD}.AppStore|x64.Build.0 = Debug|Any CPU
		{02BB266A-E5D6-4BF3-A77B-EB7BD57608AD}.AppStore|x86.ActiveCfg = Debug|Any CPU
		{02BB266A-E5D6-4BF3-A77B-EB7BD57608AD}.AppStore|x86.Build.0 = Debug|Any CPU
		{02BB266A-E5D6-4BF3-A77B-EB7BD57608AD}.Debug|Any CPU.ActiveCfg = Debug|Any CPU
		{02BB266A-E5D6-4BF3-A77B-EB7BD57608AD}.Debug|Any CPU.Build.0 = Debug|Any CPU
		{02BB266A-E5D6-4BF3-A77B-EB7BD57608AD}.Debug|ARM.ActiveCfg = Debug|Any CPU
		{02BB266A-E5D6-4BF3-A77B-EB7BD57608AD}.Debug|ARM.Build.0 = Debug|Any CPU
		{02BB266A-E5D6-4BF3-A77B-EB7BD57608AD}.Debug|iPhone.ActiveCfg = Debug|Any CPU
		{02BB266A-E5D6-4BF3-A77B-EB7BD57608AD}.Debug|iPhone.Build.0 = Debug|Any CPU
		{02BB266A-E5D6-4BF3-A77B-EB7BD57608AD}.Debug|iPhoneSimulator.ActiveCfg = Debug|Any CPU
		{02BB266A-E5D6-4BF3-A77B-EB7BD57608AD}.Debug|iPhoneSimulator.Build.0 = Debug|Any CPU
		{02BB266A-E5D6-4BF3-A77B-EB7BD57608AD}.Debug|x64.ActiveCfg = Debug|Any CPU
		{02BB266A-E5D6-4BF3-A77B-EB7BD57608AD}.Debug|x64.Build.0 = Debug|Any CPU
		{02BB266A-E5D6-4BF3-A77B-EB7BD57608AD}.Debug|x86.ActiveCfg = Debug|Any CPU
		{02BB266A-E5D6-4BF3-A77B-EB7BD57608AD}.Debug|x86.Build.0 = Debug|Any CPU
		{02BB266A-E5D6-4BF3-A77B-EB7BD57608AD}.Release|Any CPU.ActiveCfg = Release|Any CPU
		{02BB266A-E5D6-4BF3-A77B-EB7BD57608AD}.Release|Any CPU.Build.0 = Release|Any CPU
		{02BB266A-E5D6-4BF3-A77B-EB7BD57608AD}.Release|ARM.ActiveCfg = Release|Any CPU
		{02BB266A-E5D6-4BF3-A77B-EB7BD57608AD}.Release|ARM.Build.0 = Release|Any CPU
		{02BB266A-E5D6-4BF3-A77B-EB7BD57608AD}.Release|iPhone.ActiveCfg = Release|Any CPU
		{02BB266A-E5D6-4BF3-A77B-EB7BD57608AD}.Release|iPhone.Build.0 = Release|Any CPU
		{02BB266A-E5D6-4BF3-A77B-EB7BD57608AD}.Release|iPhoneSimulator.ActiveCfg = Release|Any CPU
		{02BB266A-E5D6-4BF3-A77B-EB7BD57608AD}.Release|iPhoneSimulator.Build.0 = Release|Any CPU
		{02BB266A-E5D6-4BF3-A77B-EB7BD57608AD}.Release|x64.ActiveCfg = Release|Any CPU
		{02BB266A-E5D6-4BF3-A77B-EB7BD57608AD}.Release|x64.Build.0 = Release|Any CPU
		{02BB266A-E5D6-4BF3-A77B-EB7BD57608AD}.Release|x86.ActiveCfg = Release|Any CPU
		{02BB266A-E5D6-4BF3-A77B-EB7BD57608AD}.Release|x86.Build.0 = Release|Any CPU
		{9448F233-7FCC-4A0B-A3E0-B2C59D8C28AF}.Ad-Hoc|Any CPU.ActiveCfg = Debug|Any CPU
		{9448F233-7FCC-4A0B-A3E0-B2C59D8C28AF}.Ad-Hoc|Any CPU.Build.0 = Debug|Any CPU
		{9448F233-7FCC-4A0B-A3E0-B2C59D8C28AF}.Ad-Hoc|ARM.ActiveCfg = Debug|Any CPU
		{9448F233-7FCC-4A0B-A3E0-B2C59D8C28AF}.Ad-Hoc|ARM.Build.0 = Debug|Any CPU
		{9448F233-7FCC-4A0B-A3E0-B2C59D8C28AF}.Ad-Hoc|iPhone.ActiveCfg = Debug|Any CPU
		{9448F233-7FCC-4A0B-A3E0-B2C59D8C28AF}.Ad-Hoc|iPhone.Build.0 = Debug|Any CPU
		{9448F233-7FCC-4A0B-A3E0-B2C59D8C28AF}.Ad-Hoc|iPhoneSimulator.ActiveCfg = Debug|Any CPU
		{9448F233-7FCC-4A0B-A3E0-B2C59D8C28AF}.Ad-Hoc|iPhoneSimulator.Build.0 = Debug|Any CPU
		{9448F233-7FCC-4A0B-A3E0-B2C59D8C28AF}.Ad-Hoc|x64.ActiveCfg = Debug|Any CPU
		{9448F233-7FCC-4A0B-A3E0-B2C59D8C28AF}.Ad-Hoc|x64.Build.0 = Debug|Any CPU
		{9448F233-7FCC-4A0B-A3E0-B2C59D8C28AF}.Ad-Hoc|x86.ActiveCfg = Debug|Any CPU
		{9448F233-7FCC-4A0B-A3E0-B2C59D8C28AF}.Ad-Hoc|x86.Build.0 = Debug|Any CPU
		{9448F233-7FCC-4A0B-A3E0-B2C59D8C28AF}.AppStore|Any CPU.ActiveCfg = Debug|Any CPU
		{9448F233-7FCC-4A0B-A3E0-B2C59D8C28AF}.AppStore|Any CPU.Build.0 = Debug|Any CPU
		{9448F233-7FCC-4A0B-A3E0-B2C59D8C28AF}.AppStore|ARM.ActiveCfg = Debug|Any CPU
		{9448F233-7FCC-4A0B-A3E0-B2C59D8C28AF}.AppStore|ARM.Build.0 = Debug|Any CPU
		{9448F233-7FCC-4A0B-A3E0-B2C59D8C28AF}.AppStore|iPhone.ActiveCfg = Debug|Any CPU
		{9448F233-7FCC-4A0B-A3E0-B2C59D8C28AF}.AppStore|iPhone.Build.0 = Debug|Any CPU
		{9448F233-7FCC-4A0B-A3E0-B2C59D8C28AF}.AppStore|iPhoneSimulator.ActiveCfg = Debug|Any CPU
		{9448F233-7FCC-4A0B-A3E0-B2C59D8C28AF}.AppStore|iPhoneSimulator.Build.0 = Debug|Any CPU
		{9448F233-7FCC-4A0B-A3E0-B2C59D8C28AF}.AppStore|x64.ActiveCfg = Debug|Any CPU
		{9448F233-7FCC-4A0B-A3E0-B2C59D8C28AF}.AppStore|x64.Build.0 = Debug|Any CPU
		{9448F233-7FCC-4A0B-A3E0-B2C59D8C28AF}.AppStore|x86.ActiveCfg = Debug|Any CPU
		{9448F233-7FCC-4A0B-A3E0-B2C59D8C28AF}.AppStore|x86.Build.0 = Debug|Any CPU
		{9448F233-7FCC-4A0B-A3E0-B2C59D8C28AF}.Debug|Any CPU.ActiveCfg = Debug|Any CPU
		{9448F233-7FCC-4A0B-A3E0-B2C59D8C28AF}.Debug|Any CPU.Build.0 = Debug|Any CPU
		{9448F233-7FCC-4A0B-A3E0-B2C59D8C28AF}.Debug|ARM.ActiveCfg = Debug|Any CPU
		{9448F233-7FCC-4A0B-A3E0-B2C59D8C28AF}.Debug|ARM.Build.0 = Debug|Any CPU
		{9448F233-7FCC-4A0B-A3E0-B2C59D8C28AF}.Debug|iPhone.ActiveCfg = Debug|Any CPU
		{9448F233-7FCC-4A0B-A3E0-B2C59D8C28AF}.Debug|iPhone.Build.0 = Debug|Any CPU
		{9448F233-7FCC-4A0B-A3E0-B2C59D8C28AF}.Debug|iPhoneSimulator.ActiveCfg = Debug|Any CPU
		{9448F233-7FCC-4A0B-A3E0-B2C59D8C28AF}.Debug|iPhoneSimulator.Build.0 = Debug|Any CPU
		{9448F233-7FCC-4A0B-A3E0-B2C59D8C28AF}.Debug|x64.ActiveCfg = Debug|Any CPU
		{9448F233-7FCC-4A0B-A3E0-B2C59D8C28AF}.Debug|x64.Build.0 = Debug|Any CPU
		{9448F233-7FCC-4A0B-A3E0-B2C59D8C28AF}.Debug|x86.ActiveCfg = Debug|Any CPU
		{9448F233-7FCC-4A0B-A3E0-B2C59D8C28AF}.Debug|x86.Build.0 = Debug|Any CPU
		{9448F233-7FCC-4A0B-A3E0-B2C59D8C28AF}.Release|Any CPU.ActiveCfg = Release|Any CPU
		{9448F233-7FCC-4A0B-A3E0-B2C59D8C28AF}.Release|Any CPU.Build.0 = Release|Any CPU
		{9448F233-7FCC-4A0B-A3E0-B2C59D8C28AF}.Release|ARM.ActiveCfg = Release|Any CPU
		{9448F233-7FCC-4A0B-A3E0-B2C59D8C28AF}.Release|ARM.Build.0 = Release|Any CPU
		{9448F233-7FCC-4A0B-A3E0-B2C59D8C28AF}.Release|iPhone.ActiveCfg = Release|Any CPU
		{9448F233-7FCC-4A0B-A3E0-B2C59D8C28AF}.Release|iPhone.Build.0 = Release|Any CPU
		{9448F233-7FCC-4A0B-A3E0-B2C59D8C28AF}.Release|iPhoneSimulator.ActiveCfg = Release|Any CPU
		{9448F233-7FCC-4A0B-A3E0-B2C59D8C28AF}.Release|iPhoneSimulator.Build.0 = Release|Any CPU
		{9448F233-7FCC-4A0B-A3E0-B2C59D8C28AF}.Release|x64.ActiveCfg = Release|Any CPU
		{9448F233-7FCC-4A0B-A3E0-B2C59D8C28AF}.Release|x64.Build.0 = Release|Any CPU
		{9448F233-7FCC-4A0B-A3E0-B2C59D8C28AF}.Release|x86.ActiveCfg = Release|Any CPU
		{9448F233-7FCC-4A0B-A3E0-B2C59D8C28AF}.Release|x86.Build.0 = Release|Any CPU
	EndGlobalSection
	GlobalSection(SolutionProperties) = preSolution
		HideSolutionNode = FALSE
	EndGlobalSection
	GlobalSection(NestedProjects) = preSolution
		{00F95817-A02C-4A15-B1AC-C3990ADE6463} = {51515C0F-4F10-428C-9FA3-B8C0B3733014}
		{57D241C4-E852-4632-BE50-29323E9EB710} = {76A0E024-2DE5-4D44-8475-58F2A62A7E27}
		{1A534C4D-6A3A-4527-9CC1-1D6C72979433} = {76A0E024-2DE5-4D44-8475-58F2A62A7E27}
		{B9E65D7F-C520-49F0-8A8E-04A461F19F3F} = {76A0E024-2DE5-4D44-8475-58F2A62A7E27}
		{1E1F8399-6677-4333-A936-2EECB54FDB78} = {76A0E024-2DE5-4D44-8475-58F2A62A7E27}
		{9448F233-7FCC-4A0B-A3E0-B2C59D8C28AF} = {D7D8231E-97ED-439A-B17C-6619DA731F4A}
	EndGlobalSection
	GlobalSection(ExtensibilityGlobals) = postSolution
		SolutionGuid = {0B64DB19-CB15-46A5-A005-620C58B5E2A6}
	EndGlobalSection
EndGlobal
