
Microsoft Visual Studio Solution File, Format Version 12.00
# Visual Studio Version 17
VisualStudioVersion = 17.8.34309.116
MinimumVisualStudioVersion = 10.0.40219.1
Project("{9A19103F-16F7-4668-BE54-9A1E7A4F7556}") = "Sample.Web", "Sample.Web\Sample.Web.csproj", "{00F95817-A02C-4A15-B1AC-C3990ADE6463}"
EndProject
Project("{2150E333-8FDC-42A3-9474-1A3956D46DE8}") = "StravaSharp", "StravaSharp", "{D7D8231E-97ED-439A-B17C-6619DA731F4A}"
EndProject
Project("{2150E333-8FDC-42A3-9474-1A3956D46DE8}") = "Web sample", "Web sample", "{51515C0F-4F10-428C-9FA3-B8C0B3733014}"
EndProject
Project("{2150E333-8FDC-42A3-9474-1A3956D46DE8}") = "Mobile sample", "Mobile sample", "{76A0E024-2DE5-4D44-8475-58F2A62A7E27}"
EndProject
Project("{9A19103F-16F7-4668-BE54-9A1E7A4F7556}") = "Sample.Core", "Sample.Core\Sample.Core.csproj", "{02BB266A-E5D6-4BF3-A77B-EB7BD57608AD}"
EndProject
Project("{9A19103F-16F7-4668-BE54-9A1E7A4F7556}") = "StravaSharp", "..\StravaSharp\StravaSharp.csproj", "{9448F233-7FCC-4A0B-A3E0-B2C59D8C28AF}"
EndProject
Project("{FAE04EC0-301F-11D3-BF4B-00C04F79EFBC}") = "Sample.Mobile", "Sample.Mobile\Sample.Mobile.csproj", "{F66542C6-89B6-44D0-B787-29703A14FC03}"
EndProject
Global
	GlobalSection(SolutionConfigurationPlatforms) = preSolution
		Ad-Hoc|Any CPU = Ad-Hoc|Any CPU
		Ad-Hoc|ARM = Ad-Hoc|ARM
		Ad-Hoc|iPhone = Ad-Hoc|iPhone
		Ad-Hoc|iPhoneSimulator = Ad-Hoc|iPhoneSimulator
		Ad-Hoc|x64 = Ad-Hoc|x64
		Ad-Hoc|x86 = Ad-Hoc|x86
		AppStore|Any CPU = AppStore|Any CPU
		AppStore|ARM = AppStore|ARM
		AppStore|iPhone = AppStore|iPhone
		AppStore|iPhoneSimulator = AppStore|iPhoneSimulator
		AppStore|x64 = AppStore|x64
		AppStore|x86 = AppStore|x86
		Debug|Any CPU = Debug|Any CPU
		Debug|ARM = Debug|ARM
		Debug|iPhone = Debug|iPhone
		Debug|iPhoneSimulator = Debug|iPhoneSimulator
		Debug|x64 = Debug|x64
		Debug|x86 = Debug|x86
		Release|Any CPU = Release|Any CPU
		Release|ARM = Release|ARM
		Release|iPhone = Release|iPhone
		Release|iPhoneSimulator = Release|iPhoneSimulator
		Release|x64 = Release|x64
		Release|x86 = Release|x86
	EndGlobalSection
	GlobalSection(ProjectConfigurationPlatforms) = postSolution
		{00F95817-A02C-4A15-B1AC-C3990ADE6463}.Ad-Hoc|Any CPU.ActiveCfg = Release|Any CPU
		{00F95817-A02C-4A15-B1AC-C3990ADE6463}.Ad-Hoc|Any CPU.Build.0 = Release|Any CPU
		{00F95817-A02C-4A15-B1AC-C3990ADE6463}.Ad-Hoc|ARM.ActiveCfg = Release|Any CPU
		{00F95817-A02C-4A15-B1AC-C3990ADE6463}.Ad-Hoc|ARM.Build.0 = Release|Any CPU
		{00F95817-A02C-4A15-B1AC-C3990ADE6463}.Ad-Hoc|iPhone.ActiveCfg = Release|Any CPU
		{00F95817-A02C-4A15-B1AC-C3990ADE6463}.Ad-Hoc|iPhone.Build.0 = Release|Any CPU
		{00F95817-A02C-4A15-B1AC-C3990ADE6463}.Ad-Hoc|iPhoneSimulator.ActiveCfg = Release|Any CPU
		{00F95817-A02C-4A15-B1AC-C3990ADE6463}.Ad-Hoc|iPhoneSimulator.Build.0 = Release|Any CPU
		{00F95817-A02C-4A15-B1AC-C3990ADE6463}.Ad-Hoc|x64.ActiveCfg = Release|Any CPU
		{00F95817-A02C-4A15-B1AC-C3990ADE6463}.Ad-Hoc|x64.Build.0 = Release|Any CPU
		{00F95817-A02C-4A15-B1AC-C3990ADE6463}.Ad-Hoc|x86.ActiveCfg = Release|Any CPU
		{00F95817-A02C-4A15-B1AC-C3990ADE6463}.Ad-Hoc|x86.Build.0 = Release|Any CPU
		{00F95817-A02C-4A15-B1AC-C3990ADE6463}.AppStore|Any CPU.ActiveCfg = Release|Any CPU
		{00F95817-A02C-4A15-B1AC-C3990ADE6463}.AppStore|Any CPU.Build.0 = Release|Any CPU
		{00F95817-A02C-4A15-B1AC-C3990ADE6463}.AppStore|ARM.ActiveCfg = Release|Any CPU
		{00F95817-A02C-4A15-B1AC-C3990ADE6463}.AppStore|ARM.Build.0 = Release|Any CPU
		{00F95817-A02C-4A15-B1AC-C3990ADE6463}.AppStore|iPhone.ActiveCfg = Release|Any CPU
		{00F95817-A02C-4A15-B1AC-C3990ADE6463}.AppStore|iPhone.Build.0 = Release|Any CPU
		{00F95817-A02C-4A15-B1AC-C3990ADE6463}.AppStore|iPhoneSimulator.ActiveCfg = Release|Any CPU
		{00F95817-A02C-4A15-B1AC-C3990ADE6463}.AppStore|iPhoneSimulator.Build.0 = Release|Any CPU
		{00F95817-A02C-4A15-B1AC-C3990ADE6463}.AppStore|x64.ActiveCfg = Release|Any CPU
		{00F95817-A02C-4A15-B1AC-C3990ADE6463}.AppStore|x64.Build.0 = Release|Any CPU
		{00F95817-A02C-4A15-B1AC-C3990ADE6463}.AppStore|x86.ActiveCfg = Release|Any CPU
		{00F95817-A02C-4A15-B1AC-C3990ADE6463}.AppStore|x86.Build.0 = Release|Any CPU
		{00F95817-A02C-4A15-B1AC-C3990ADE6463}.Debug|Any CPU.ActiveCfg = Debug|Any CPU
		{00F95817-A02C-4A15-B1AC-C3990ADE6463}.Debug|Any CPU.Build.0 = Debug|Any CPU
		{00F95817-A02C-4A15-B1AC-C3990ADE6463}.Debug|ARM.ActiveCfg = Debug|Any CPU
		{00F95817-A02C-4A15-B1AC-C3990ADE6463}.Debug|ARM.Build.0 = Debug|Any CPU
		{00F95817-A02C-4A15-B1AC-C3990ADE6463}.Debug|iPhone.ActiveCfg = Debug|Any CPU
		{00F95817-A02C-4A15-B1AC-C3990ADE6463}.Debug|iPhone.Build.0 = Debug|Any CPU
		{00F95817-A02C-4A15-B1AC-C3990ADE6463}.Debug|iPhoneSimulator.ActiveCfg = Debug|Any CPU
		{00F95817-A02C-4A15-B1AC-C3990ADE6463}.Debug|iPhoneSimulator.Build.0 = Debug|Any CPU
		{00F95817-A02C-4A15-B1AC-C3990ADE6463}.Debug|x64.ActiveCfg = Debug|Any CPU
		{00F95817-A02C-4A15-B1AC-C3990ADE6463}.Debug|x64.Build.0 = Debug|Any CPU
		{00F95817-A02C-4A15-B1AC-C3990ADE6463}.Debug|x86.ActiveCfg = Debug|Any CPU
		{00F95817-A02C-4A15-B1AC-C3990ADE6463}.Debug|x86.Build.0 = Debug|Any CPU
		{00F95817-A02C-4A15-B1AC-C3990ADE6463}.Release|Any CPU.ActiveCfg = Release|Any CPU
		{00F95817-A02C-4A15-B1AC-C3990ADE6463}.Release|Any CPU.Build.0 = Release|Any CPU
		{00F95817-A02C-4A15-B1AC-C3990ADE6463}.Release|ARM.ActiveCfg = Release|Any CPU
		{00F95817-A02C-4A15-B1AC-C3990ADE6463}.Release|ARM.Build.0 = Release|Any CPU
		{00F95817-A02C-4A15-B1AC-C3990ADE6463}.Release|iPhone.ActiveCfg = Release|Any CPU
		{00F95817-A02C-4A15-B1AC-C3990ADE6463}.Release|iPhone.Build.0 = Release|Any CPU
		{00F95817-A02C-4A15-B1AC-C3990ADE6463}.Release|iPhoneSimulator.ActiveCfg = Release|Any CPU
		{00F95817-A02C-4A15-B1AC-C3990ADE6463}.Release|iPhoneSimulator.Build.0 = Release|Any CPU
		{00F95817-A02C-4A15-B1AC-C3990ADE6463}.Release|x64.ActiveCfg = Release|Any CPU
		{00F95817-A02C-4A15-B1AC-C3990ADE6463}.Release|x64.Build.0 = Release|Any CPU
		{00F95817-A02C-4A15-B1AC-C3990ADE6463}.Release|x86.ActiveCfg = Release|Any CPU
		{00F95817-A02C-4A15-B1AC-C3990ADE6463}.Release|x86.Build.0 = Release|Any CPU
		{02BB266A-E5D6-4BF3-A77B-EB7BD57608AD}.Ad-Hoc|Any CPU.ActiveCfg = Debug|Any CPU
		{02BB266A-E5D6-4BF3-A77B-EB7BD57608AD}.Ad-Hoc|Any CPU.Build.0 = Debug|Any CPU
		{02BB266A-E5D6-4BF3-A77B-EB7BD57608AD}.Ad-Hoc|ARM.ActiveCfg = Debug|Any CPU
		{02BB266A-E5D6-4BF3-A77B-EB7BD57608AD}.Ad-Hoc|ARM.Build.0 = Debug|Any CPU
		{02BB266A-E5D6-4BF3-A77B-EB7BD57608AD}.Ad-Hoc|iPhone.ActiveCfg = Debug|Any CPU
		{02BB266A-E5D6-4BF3-A77B-EB7BD57608AD}.Ad-Hoc|iPhone.Build.0 = Debug|Any CPU
		{02BB266A-E5D6-4BF3-A77B-EB7BD57608AD}.Ad-Hoc|iPhoneSimulator.ActiveCfg = Debug|Any CPU
		{02BB266A-E5D6-4BF3-A77B-EB7BD57608AD}.Ad-Hoc|iPhoneSimulator.Build.0 = Debug|Any CPU
		{02BB266A-E5D6-4BF3-A77B-EB7BD57608AD}.Ad-Hoc|x64.ActiveCfg = Debug|Any CPU
		{02BB266A-E5D6-4BF3-A77B-EB7BD57608AD}.Ad-Hoc|x64.Build.0 = Debug|Any CPU
		{02BB266A-E5D6-4BF3-A77B-EB7BD57608AD}.Ad-Hoc|x86.ActiveCfg = Debug|Any CPU
		{02BB266A-E5D6-4BF3-A77B-EB7BD57608AD}.Ad-Hoc|x86.Build.0 = Debug|Any CPU
		{02BB266A-E5D6-4BF3-A77B-EB7BD57608AD}.AppStore|Any CPU.ActiveCfg = Debug|Any CPU
		{02BB266A-E5D6-4BF3-A77B-EB7BD57608AD}.AppStore|Any CPU.Build.0 = Debug|Any CPU
		{02BB266A-E5D6-4BF3-A77B-EB7BD57608AD}.AppStore|ARM.ActiveCfg = Debug|Any CPU
		{02BB266A-E5D6-4BF3-A77B-EB7BD57608AD}.AppStore|ARM.Build.0 = Debug|Any CPU
		{02BB266A-E5D6-4BF3-A77B-EB7BD57608AD}.AppStore|iPhone.ActiveCfg = Debug|Any CPU
		{02BB266A-E5D6-4BF3-A77B-EB7BD57608AD}.AppStore|iPhone.Build.0 = Debug|Any CPU
		{02BB266A-E5D6-4BF3-A77B-EB7BD57608AD}.AppStore|iPhoneSimulator.ActiveCfg = Debug|Any CPU
		{02BB266A-E5D6-4BF3-A77B-EB7BD57608AD}.AppStore|iPhoneSimulator.Build.0 = Debug|Any CPU
		{02BB266A-E5D6-4BF3-A77B-EB7BD57608AD}.AppStore|x64.ActiveCfg = Debug|Any CPU
		{02BB266A-E5D6-4BF3-A77B-EB7BD57608AD}.AppStore|x64.Build.0 = Debug|Any CPU
		{02BB266A-E5D6-4BF3-A77B-EB7BD57608AD}.AppStore|x86.ActiveCfg = Debug|Any CPU
		{02BB266A-E5D6-4BF3-A77B-EB7BD57608AD}.AppStore|x86.Build.0 = Debug|Any CPU
		{02BB266A-E5D6-4BF3-A77B-EB7BD57608AD}.Debug|Any CPU.ActiveCfg = Debug|Any CPU
		{02BB266A-E5D6-4BF3-A77B-EB7BD57608AD}.Debug|Any CPU.Build.0 = Debug|Any CPU
		{02BB266A-E5D6-4BF3-A77B-EB7BD57608AD}.Debug|ARM.ActiveCfg = Debug|Any CPU
		{02BB266A-E5D6-4BF3-A77B-EB7BD57608AD}.Debug|ARM.Build.0 = Debug|Any CPU
		{02BB266A-E5D6-4BF3-A77B-EB7BD57608AD}.Debug|iPhone.ActiveCfg = Debug|Any CPU
		{02BB266A-E5D6-4BF3-A77B-EB7BD57608AD}.Debug|iPhone.Build.0 = Debug|Any CPU
		{02BB266A-E5D6-4BF3-A77B-EB7BD57608AD}.Debug|iPhoneSimulator.ActiveCfg = Debug|Any CPU
		{02BB266A-E5D6-4BF3-A77B-EB7BD57608AD}.Debug|iPhoneSimulator.Build.0 = Debug|Any CPU
		{02BB266A-E5D6-4BF3-A77B-EB7BD57608AD}.Debug|x64.ActiveCfg = Debug|Any CPU
		{02BB266A-E5D6-4BF3-A77B-EB7BD57608AD}.Debug|x64.Build.0 = Debug|Any CPU
		{02BB266A-E5D6-4BF3-A77B-EB7BD57608AD}.Debug|x86.ActiveCfg = Debug|Any CPU
		{02BB266A-E5D6-4BF3-A77B-EB7BD57608AD}.Debug|x86.Build.0 = Debug|Any CPU
		{02BB266A-E5D6-4BF3-A77B-EB7BD57608AD}.Release|Any CPU.ActiveCfg = Release|Any CPU
		{02BB266A-E5D6-4BF3-A77B-EB7BD57608AD}.Release|Any CPU.Build.0 = Release|Any CPU
		{02BB266A-E5D6-4BF3-A77B-EB7BD57608AD}.Release|ARM.ActiveCfg = Release|Any CPU
		{02BB266A-E5D6-4BF3-A77B-EB7BD57608AD}.Release|ARM.Build.0 = Release|Any CPU
		{02BB266A-E5D6-4BF3-A77B-EB7BD57608AD}.Release|iPhone.ActiveCfg = Release|Any CPU
		{02BB266A-E5D6-4BF3-A77B-EB7BD57608AD}.Release|iPhone.Build.0 = Release|Any CPU
		{02BB266A-E5D6-4BF3-A77B-EB7BD57608AD}.Release|iPhoneSimulator.ActiveCfg = Release|Any CPU
		{02BB266A-E5D6-4BF3-A77B-EB7BD57608AD}.Release|iPhoneSimulator.Build.0 = Release|Any CPU
		{02BB266A-E5D6-4BF3-A77B-EB7BD57608AD}.Release|x64.ActiveCfg = Release|Any CPU
		{02BB266A-E5D6-4BF3-A77B-EB7BD57608AD}.Release|x64.Build.0 = Release|Any CPU
		{02BB266A-E5D6-4BF3-A77B-EB7BD57608AD}.Release|x86.ActiveCfg = Release|Any CPU
		{02BB266A-E5D6-4BF3-A77B-EB7BD57608AD}.Release|x86.Build.0 = Release|Any CPU
		{9448F233-7FCC-4A0B-A3E0-B2C59D8C28AF}.Ad-Hoc|Any CPU.ActiveCfg = Debug|Any CPU
		{9448F233-7FCC-4A0B-A3E0-B2C59D8C28AF}.Ad-Hoc|Any CPU.Build.0 = Debug|Any CPU
		{9448F233-7FCC-4A0B-A3E0-B2C59D8C28AF}.Ad-Hoc|ARM.ActiveCfg = Debug|Any CPU
		{9448F233-7FCC-4A0B-A3E0-B2C59D8C28AF}.Ad-Hoc|ARM.Build.0 = Debug|Any CPU
		{9448F233-7FCC-4A0B-A3E0-B2C59D8C28AF}.Ad-Hoc|iPhone.ActiveCfg = Debug|Any CPU
		{9448F233-7FCC-4A0B-A3E0-B2C59D8C28AF}.Ad-Hoc|iPhone.Build.0 = Debug|Any CPU
		{9448F233-7FCC-4A0B-A3E0-B2C59D8C28AF}.Ad-Hoc|iPhoneSimulator.ActiveCfg = Debug|Any CPU
		{9448F233-7FCC-4A0B-A3E0-B2C59D8C28AF}.Ad-Hoc|iPhoneSimulator.Build.0 = Debug|Any CPU
		{9448F233-7FCC-4A0B-A3E0-B2C59D8C28AF}.Ad-Hoc|x64.ActiveCfg = Debug|Any CPU
		{9448F233-7FCC-4A0B-A3E0-B2C59D8C28AF}.Ad-Hoc|x64.Build.0 = Debug|Any CPU
		{9448F233-7FCC-4A0B-A3E0-B2C59D8C28AF}.Ad-Hoc|x86.ActiveCfg = Debug|Any CPU
		{9448F233-7FCC-4A0B-A3E0-B2C59D8C28AF}.Ad-Hoc|x86.Build.0 = Debug|Any CPU
		{9448F233-7FCC-4A0B-A3E0-B2C59D8C28AF}.AppStore|Any CPU.ActiveCfg = Debug|Any CPU
		{9448F233-7FCC-4A0B-A3E0-B2C59D8C28AF}.AppStore|Any CPU.Build.0 = Debug|Any CPU
		{9448F233-7FCC-4A0B-A3E0-B2C59D8C28AF}.AppStore|ARM.ActiveCfg = Debug|Any CPU
		{9448F233-7FCC-4A0B-A3E0-B2C59D8C28AF}.AppStore|ARM.Build.0 = Debug|Any CPU
		{9448F233-7FCC-4A0B-A3E0-B2C59D8C28AF}.AppStore|iPhone.ActiveCfg = Debug|Any CPU
		{9448F233-7FCC-4A0B-A3E0-B2C59D8C28AF}.AppStore|iPhone.Build.0 = Debug|Any CPU
		{9448F233-7FCC-4A0B-A3E0-B2C59D8C28AF}.AppStore|iPhoneSimulator.ActiveCfg = Debug|Any CPU
		{9448F233-7FCC-4A0B-A3E0-B2C59D8C28AF}.AppStore|iPhoneSimulator.Build.0 = Debug|Any CPU
		{9448F233-7FCC-4A0B-A3E0-B2C59D8C28AF}.AppStore|x64.ActiveCfg = Debug|Any CPU
		{9448F233-7FCC-4A0B-A3E0-B2C59D8C28AF}.AppStore|x64.Build.0 = Debug|Any CPU
		{9448F233-7FCC-4A0B-A3E0-B2C59D8C28AF}.AppStore|x86.ActiveCfg = Debug|Any CPU
		{9448F233-7FCC-4A0B-A3E0-B2C59D8C28AF}.AppStore|x86.Build.0 = Debug|Any CPU
		{9448F233-7FCC-4A0B-A3E0-B2C59D8C28AF}.Debug|Any CPU.ActiveCfg = Debug|Any CPU
		{9448F233-7FCC-4A0B-A3E0-B2C59D8C28AF}.Debug|Any CPU.Build.0 = Debug|Any CPU
		{9448F233-7FCC-4A0B-A3E0-B2C59D8C28AF}.Debug|ARM.ActiveCfg = Debug|Any CPU
		{9448F233-7FCC-4A0B-A3E0-B2C59D8C28AF}.Debug|ARM.Build.0 = Debug|Any CPU
		{9448F233-7FCC-4A0B-A3E0-B2C59D8C28AF}.Debug|iPhone.ActiveCfg = Debug|Any CPU
		{9448F233-7FCC-4A0B-A3E0-B2C59D8C28AF}.Debug|iPhone.Build.0 = Debug|Any CPU
		{9448F233-7FCC-4A0B-A3E0-B2C59D8C28AF}.Debug|iPhoneSimulator.ActiveCfg = Debug|Any CPU
		{9448F233-7FCC-4A0B-A3E0-B2C59D8C28AF}.Debug|iPhoneSimulator.Build.0 = Debug|Any CPU
		{9448F233-7FCC-4A0B-A3E0-B2C59D8C28AF}.Debug|x64.ActiveCfg = Debug|Any CPU
		{9448F233-7FCC-4A0B-A3E0-B2C59D8C28AF}.Debug|x64.Build.0 = Debug|Any CPU
		{9448F233-7FCC-4A0B-A3E0-B2C59D8C28AF}.Debug|x86.ActiveCfg = Debug|Any CPU
		{9448F233-7FCC-4A0B-A3E0-B2C59D8C28AF}.Debug|x86.Build.0 = Debug|Any CPU
		{9448F233-7FCC-4A0B-A3E0-B2C59D8C28AF}.Release|Any CPU.ActiveCfg = Release|Any CPU
		{9448F233-7FCC-4A0B-A3E0-B2C59D8C28AF}.Release|Any CPU.Build.0 = Release|Any CPU
		{9448F233-7FCC-4A0B-A3E0-B2C59D8C28AF}.Release|ARM.ActiveCfg = Release|Any CPU
		{9448F233-7FCC-4A0B-A3E0-B2C59D8C28AF}.Release|ARM.Build.0 = Release|Any CPU
		{9448F233-7FCC-4A0B-A3E0-B2C59D8C28AF}.Release|iPhone.ActiveCfg = Release|Any CPU
		{9448F233-7FCC-4A0B-A3E0-B2C59D8C28AF}.Release|iPhone.Build.0 = Release|Any CPU
		{9448F233-7FCC-4A0B-A3E0-B2C59D8C28AF}.Release|iPhoneSimulator.ActiveCfg = Release|Any CPU
		{9448F233-7FCC-4A0B-A3E0-B2C59D8C28AF}.Release|iPhoneSimulator.Build.0 = Release|Any CPU
		{9448F233-7FCC-4A0B-A3E0-B2C59D8C28AF}.Release|x64.ActiveCfg = Release|Any CPU
		{9448F233-7FCC-4A0B-A3E0-B2C59D8C28AF}.Release|x64.Build.0 = Release|Any CPU
		{9448F233-7FCC-4A0B-A3E0-B2C59D8C28AF}.Release|x86.ActiveCfg = Release|Any CPU
		{9448F233-7FCC-4A0B-A3E0-B2C59D8C28AF}.Release|x86.Build.0 = Release|Any CPU
		{F66542C6-89B6-44D0-B787-29703A14FC03}.Ad-Hoc|Any CPU.ActiveCfg = Debug|Any CPU
		{F66542C6-89B6-44D0-B787-29703A14FC03}.Ad-Hoc|Any CPU.Build.0 = Debug|Any CPU
		{F66542C6-89B6-44D0-B787-29703A14FC03}.Ad-Hoc|Any CPU.Deploy.0 = Debug|Any CPU
		{F66542C6-89B6-44D0-B787-29703A14FC03}.Ad-Hoc|ARM.ActiveCfg = Debug|Any CPU
		{F66542C6-89B6-44D0-B787-29703A14FC03}.Ad-Hoc|ARM.Build.0 = Debug|Any CPU
		{F66542C6-89B6-44D0-B787-29703A14FC03}.Ad-Hoc|ARM.Deploy.0 = Debug|Any CPU
		{F66542C6-89B6-44D0-B787-29703A14FC03}.Ad-Hoc|iPhone.ActiveCfg = Debug|Any CPU
		{F66542C6-89B6-44D0-B787-29703A14FC03}.Ad-Hoc|iPhone.Build.0 = Debug|Any CPU
		{F66542C6-89B6-44D0-B787-29703A14FC03}.Ad-Hoc|iPhone.Deploy.0 = Debug|Any CPU
		{F66542C6-89B6-44D0-B787-29703A14FC03}.Ad-Hoc|iPhoneSimulator.ActiveCfg = Debug|Any CPU
		{F66542C6-89B6-44D0-B787-29703A14FC03}.Ad-Hoc|iPhoneSimulator.Build.0 = Debug|Any CPU
		{F66542C6-89B6-44D0-B787-29703A14FC03}.Ad-Hoc|iPhoneSimulator.Deploy.0 = Debug|Any CPU
		{F66542C6-89B6-44D0-B787-29703A14FC03}.Ad-Hoc|x64.ActiveCfg = Debug|Any CPU
		{F66542C6-89B6-44D0-B787-29703A14FC03}.Ad-Hoc|x64.Build.0 = Debug|Any CPU
		{F66542C6-89B6-44D0-B787-29703A14FC03}.Ad-Hoc|x64.Deploy.0 = Debug|Any CPU
		{F66542C6-89B6-44D0-B787-29703A14FC03}.Ad-Hoc|x86.ActiveCfg = Debug|Any CPU
		{F66542C6-89B6-44D0-B787-29703A14FC03}.Ad-Hoc|x86.Build.0 = Debug|Any CPU
		{F66542C6-89B6-44D0-B787-29703A14FC03}.Ad-Hoc|x86.Deploy.0 = Debug|Any CPU
		{F66542C6-89B6-44D0-B787-29703A14FC03}.AppStore|Any CPU.ActiveCfg = Debug|Any CPU
		{F66542C6-89B6-44D0-B787-29703A14FC03}.AppStore|Any CPU.Build.0 = Debug|Any CPU
		{F66542C6-89B6-44D0-B787-29703A14FC03}.AppStore|Any CPU.Deploy.0 = Debug|Any CPU
		{F66542C6-89B6-44D0-B787-29703A14FC03}.AppStore|ARM.ActiveCfg = Debug|Any CPU
		{F66542C6-89B6-44D0-B787-29703A14FC03}.AppStore|ARM.Build.0 = Debug|Any CPU
		{F66542C6-89B6-44D0-B787-29703A14FC03}.AppStore|ARM.Deploy.0 = Debug|Any CPU
		{F66542C6-89B6-44D0-B787-29703A14FC03}.AppStore|iPhone.ActiveCfg = Debug|Any CPU
		{F66542C6-89B6-44D0-B787-29703A14FC03}.AppStore|iPhone.Build.0 = Debug|Any CPU
		{F66542C6-89B6-44D0-B787-29703A14FC03}.AppStore|iPhone.Deploy.0 = Debug|Any CPU
		{F66542C6-89B6-44D0-B787-29703A14FC03}.AppStore|iPhoneSimulator.ActiveCfg = Debug|Any CPU
		{F66542C6-89B6-44D0-B787-29703A14FC03}.AppStore|iPhoneSimulator.Build.0 = Debug|Any CPU
		{F66542C6-89B6-44D0-B787-29703A14FC03}.AppStore|iPhoneSimulator.Deploy.0 = Debug|Any CPU
		{F66542C6-89B6-44D0-B787-29703A14FC03}.AppStore|x64.ActiveCfg = Debug|Any CPU
		{F66542C6-89B6-44D0-B787-29703A14FC03}.AppStore|x64.Build.0 = Debug|Any CPU
		{F66542C6-89B6-44D0-B787-29703A14FC03}.AppStore|x64.Deploy.0 = Debug|Any CPU
		{F66542C6-89B6-44D0-B787-29703A14FC03}.AppStore|x86.ActiveCfg = Debug|Any CPU
		{F66542C6-89B6-44D0-B787-29703A14FC03}.AppStore|x86.Build.0 = Debug|Any CPU
		{F66542C6-89B6-44D0-B787-29703A14FC03}.AppStore|x86.Deploy.0 = Debug|Any CPU
		{F66542C6-89B6-44D0-B787-29703A14FC03}.Debug|Any CPU.ActiveCfg = Debug|Any CPU
		{F66542C6-89B6-44D0-B787-29703A14FC03}.Debug|Any CPU.Build.0 = Debug|Any CPU
		{F66542C6-89B6-44D0-B787-29703A14FC03}.Debug|Any CPU.Deploy.0 = Debug|Any CPU
		{F66542C6-89B6-44D0-B787-29703A14FC03}.Debug|ARM.ActiveCfg = Debug|Any CPU
		{F66542C6-89B6-44D0-B787-29703A14FC03}.Debug|ARM.Build.0 = Debug|Any CPU
		{F66542C6-89B6-44D0-B787-29703A14FC03}.Debug|ARM.Deploy.0 = Debug|Any CPU
		{F66542C6-89B6-44D0-B787-29703A14FC03}.Debug|iPhone.ActiveCfg = Debug|Any CPU
		{F66542C6-89B6-44D0-B787-29703A14FC03}.Debug|iPhone.Build.0 = Debug|Any CPU
		{F66542C6-89B6-44D0-B787-29703A14FC03}.Debug|iPhone.Deploy.0 = Debug|Any CPU
		{F66542C6-89B6-44D0-B787-29703A14FC03}.Debug|iPhoneSimulator.ActiveCfg = Debug|Any CPU
		{F66542C6-89B6-44D0-B787-29703A14FC03}.Debug|iPhoneSimulator.Build.0 = Debug|Any CPU
		{F66542C6-89B6-44D0-B787-29703A14FC03}.Debug|iPhoneSimulator.Deploy.0 = Debug|Any CPU
		{F66542C6-89B6-44D0-B787-29703A14FC03}.Debug|x64.ActiveCfg = Debug|Any CPU
		{F66542C6-89B6-44D0-B787-29703A14FC03}.Debug|x64.Build.0 = Debug|Any CPU
		{F66542C6-89B6-44D0-B787-29703A14FC03}.Debug|x64.Deploy.0 = Debug|Any CPU
		{F66542C6-89B6-44D0-B787-29703A14FC03}.Debug|x86.ActiveCfg = Debug|Any CPU
		{F66542C6-89B6-44D0-B787-29703A14FC03}.Debug|x86.Build.0 = Debug|Any CPU
		{F66542C6-89B6-44D0-B787-29703A14FC03}.Debug|x86.Deploy.0 = Debug|Any CPU
		{F66542C6-89B6-44D0-B787-29703A14FC03}.Release|Any CPU.ActiveCfg = Release|Any CPU
		{F66542C6-89B6-44D0-B787-29703A14FC03}.Release|Any CPU.Build.0 = Release|Any CPU
		{F66542C6-89B6-44D0-B787-29703A14FC03}.Release|Any CPU.Deploy.0 = Release|Any CPU
		{F66542C6-89B6-44D0-B787-29703A14FC03}.Release|ARM.ActiveCfg = Release|Any CPU
		{F66542C6-89B6-44D0-B787-29703A14FC03}.Release|ARM.Build.0 = Release|Any CPU
		{F66542C6-89B6-44D0-B787-29703A14FC03}.Release|ARM.Deploy.0 = Release|Any CPU
		{F66542C6-89B6-44D0-B787-29703A14FC03}.Release|iPhone.ActiveCfg = Release|Any CPU
		{F66542C6-89B6-44D0-B787-29703A14FC03}.Release|iPhone.Build.0 = Release|Any CPU
		{F66542C6-89B6-44D0-B787-29703A14FC03}.Release|iPhone.Deploy.0 = Release|Any CPU
		{F66542C6-89B6-44D0-B787-29703A14FC03}.Release|iPhoneSimulator.ActiveCfg = Release|Any CPU
		{F66542C6-89B6-44D0-B787-29703A14FC03}.Release|iPhoneSimulator.Build.0 = Release|Any CPU
		{F66542C6-89B6-44D0-B787-29703A14FC03}.Release|iPhoneSimulator.Deploy.0 = Release|Any CPU
		{F66542C6-89B6-44D0-B787-29703A14FC03}.Release|x64.ActiveCfg = Release|Any CPU
		{F66542C6-89B6-44D0-B787-29703A14FC03}.Release|x64.Build.0 = Release|Any CPU
		{F66542C6-89B6-44D0-B787-29703A14FC03}.Release|x64.Deploy.0 = Release|Any CPU
		{F66542C6-89B6-44D0-B787-29703A14FC03}.Release|x86.ActiveCfg = Release|Any CPU
		{F66542C6-89B6-44D0-B787-29703A14FC03}.Release|x86.Build.0 = Release|Any CPU
		{F66542C6-89B6-44D0-B787-29703A14FC03}.Release|x86.Deploy.0 = Release|Any CPU
	EndGlobalSection
	GlobalSection(SolutionProperties) = preSolution
		HideSolutionNode = FALSE
	EndGlobalSection
	GlobalSection(NestedProjects) = preSolution
		{00F95817-A02C-4A15-B1AC-C3990ADE6463} = {51515C0F-4F10-428C-9FA3-B8C0B3733014}
		{9448F233-7FCC-4A0B-A3E0-B2C59D8C28AF} = {D7D8231E-97ED-439A-B17C-6619DA731F4A}
		{F66542C6-89B6-44D0-B787-29703A14FC03} = {76A0E024-2DE5-4D44-8475-58F2A62A7E27}
	EndGlobalSection
	GlobalSection(ExtensibilityGlobals) = postSolution
		SolutionGuid = {0B64DB19-CB15-46A5-A005-620C58B5E2A6}
	EndGlobalSection
EndGlobal
